Microsoft Visual Studio Solution File, Format Version 12.00
# Visual Studio Version 16
VisualStudioVersion = 16.0.29001.49
MinimumVisualStudioVersion = 10.0.40219.1
Project("{FAE04EC0-301F-11D3-BF4B-00C04F79EFBC}") = "Movie-Search", "Movie-Search.csproj", "{1C3D79BC-B27F-4519-80EA-AF9DF4FECD2A}"
EndProject
Global
	GlobalSection(SolutionConfigurationPlatforms) = preSolution
		Debug|Any CPU = Debug|Any CPU
		Release|Any CPU = Release|Any CPU
	EndGlobalSection
	GlobalSection(ProjectConfigurationPlatforms) = postSolution
		{1C3D79BC-B27F-4519-80EA-AF9DF4FECD2A}.Debug|Any CPU.ActiveCfg = Debug|Any CPU
		{1C3D79BC-B27F-4519-80EA-AF9DF4FECD2A}.Debug|Any CPU.Build.0 = Debug|Any CPU
		{1C3D79BC-B27F-4519-80EA-AF9DF4FECD2A}.Debug|Any CPU.Deploy.0 = Debug|Any CPU
		{1C3D79BC-B27F-4519-80EA-AF9DF4FECD2A}.Release|Any CPU.ActiveCfg = Release|Any CPU
		{1C3D79BC-B27F-4519-80EA-AF9DF4FECD2A}.Release|Any CPU.Build.0 = Release|Any CPU
	EndGlobalSection
	GlobalSection(SolutionProperties) = preSolution
		HideSolutionNode = FALSE
	EndGlobalSection
	GlobalSection(ExtensibilityGlobals) = postSolution
		SolutionGuid = {B65D9ECE-5920-4933-9E60-0762DAB49AA3}
	EndGlobalSection
EndGlobal
